<?xml version="1.0" encoding="utf-8"?>
<Project ToolsVersion="4.0" xmlns="http://schemas.microsoft.com/developer/msbuild/2003">
  <ItemGroup>
    <Filter Include="Source Files">
      <UniqueIdentifier>{4FC737F1-C7A5-4376-A066-2A32D752A2FF}</UniqueIdentifier>
      <Extensions>cpp;c;cxx;def;odl;idl;hpj;bat;asm;asmx</Extensions>
    </Filter>
    <Filter Include="Source Files\Generated Files">
      <UniqueIdentifier>{78a185df-6831-424d-836f-a117ebec3f38}</UniqueIdentifier>
      <SourceControlFiles>False</SourceControlFiles>
    </Filter>
    <Filter Include="Header Files">
      <UniqueIdentifier>{93995380-89BD-4b04-88EB-625FBE52EBFB}</UniqueIdentifier>
      <Extensions>h;hpp;hxx;hm;inl;inc;xsd</Extensions>
    </Filter>
    <Filter Include="Header Files\Generated Files">
      <UniqueIdentifier>{94eb0ce9-cd9b-4d6f-9e31-8874443adbcc}</UniqueIdentifier>
      <SourceControlFiles>False</SourceControlFiles>
    </Filter>
    <Filter Include="Resource Files">
      <UniqueIdentifier>{67DA6AB6-F800-4c08-8B7A-83BB121AAD01}</UniqueIdentifier>
      <Extensions>rc;ico;cur;bmp;dlg;rc2;rct;bin;rgs;gif;jpg;jpeg;jpe;resx</Extensions>
    </Filter>
    <Filter Include="Documents">
      <UniqueIdentifier>{0d07ced0-87bf-4791-b0cb-4fb7fdadb1c0}</UniqueIdentifier>
    </Filter>
  </ItemGroup>
  <ItemGroup>
    <ClCompile Include="AboutDlg.cpp">
      <Filter>Source Files</Filter>
    </ClCompile>
    <ClCompile Include="Anim.cpp">
      <Filter>Source Files</Filter>
    </ClCompile>
    <ClCompile Include="Animation.cpp">
      <Filter>Source Files</Filter>
    </ClCompile>
    <ClCompile Include="CommonProperties.cpp">
      <Filter>Source Files</Filter>
    </ClCompile>
    <ClCompile Include="EnumOLEVERB.cpp">
      <Filter>Source Files</Filter>
    </ClCompile>
    <ClCompile Include="helpers.cpp">
      <Filter>Source Files</Filter>
    </ClCompile>
    <ClCompile Include="stdafx.cpp">
      <Filter>Source Files</Filter>
    </ClCompile>
    <ClCompile Include="TargetOLEDataObject.cpp">
      <Filter>Source Files</Filter>
    </ClCompile>
    <ClCompile Include="AnimA_i.c">
      <Filter>Source Files\Generated Files</Filter>
    </ClCompile>
    <ClCompile Include="AnimU_i.c">
      <Filter>Source Files\Generated Files</Filter>
    </ClCompile>
  </ItemGroup>
  <ItemGroup>
    <None Include="AnimA.def">
      <Filter>Source Files</Filter>
    </None>
    <None Include="AnimU.def">
      <Filter>Source Files</Filter>
    </None>
    <None Include="res\About.jpg">
      <Filter>Resource Files</Filter>
    </None>
    <None Include="res\AnimA.rgs">
      <Filter>Resource Files</Filter>
    </None>
    <None Include="res\AnimationA.bmp">
      <Filter>Resource Files</Filter>
    </None>
    <None Include="res\AnimationU.bmp">
      <Filter>Resource Files</Filter>
    </None>
    <None Include="res\AnimU.rgs">
      <Filter>Resource Files</Filter>
    </None>
    <None Include="res\back IDE.ico">
      <Filter>Resource Files</Filter>
    </None>
    <None Include="res\Paypal.jpg">
      <Filter>Resource Files</Filter>
    </None>
    <None Include="res\ToolBar disabled.bmp">
      <Filter>Resource Files</Filter>
    </None>
    <None Include="res\ToolBar enabled.bmp">
      <Filter>Resource Files</Filter>
    </None>
    <None Include="..\doc\Unused parts of API.txt">
      <Filter>Documents</Filter>
    </None>
    <None Include="res\AnimationA.rgs">
      <Filter>Resource Files</Filter>
    </None>
    <None Include="res\AnimationU.rgs">
      <Filter>Resource Files</Filter>
    </None>
    <None Include="res\CommonPropertiesA.rgs">
      <Filter>Resource Files</Filter>
    </None>
    <None Include="res\CommonPropertiesU.rgs">
      <Filter>Resource Files</Filter>
    </None>
    <None Include="res\OLEDataObjectA.rgs">
      <Filter>Resource Files</Filter>
    </None>
    <None Include="res\OLEDataObjectU.rgs">
      <Filter>Resource Files</Filter>
    </None>
  </ItemGroup>
  <ItemGroup>
    <Midl Include="AnimU.idl">
      <Filter>Source Files</Filter>
    </Midl>
    <Midl Include="AnimA.idl">
      <Filter>Source Files</Filter>
    </Midl>
  </ItemGroup>
  <ItemGroup>
    <ClInclude Include="_IAnimationEvents_CP.h">
      <Filter>Header Files</Filter>
    </ClInclude>
    <ClInclude Include="_IOLEDataObjectEvents_CP.h">
      <Filter>Header Files</Filter>
    </ClInclude>
    <ClInclude Include="AboutDlg.h">
      <Filter>Header Files</Filter>
    </ClInclude>
    <ClInclude Include="Animation.h">
      <Filter>Header Files</Filter>
    </ClInclude>
    <ClInclude Include="ClassFactory.h">
      <Filter>Header Files</Filter>
    </ClInclude>
    <ClInclude Include="CommonProperties.h">
      <Filter>Header Files</Filter>
    </ClInclude>
    <ClInclude Include="CompilerFlags.h">
      <Filter>Header Files</Filter>
    </ClInclude>
    <ClInclude Include="DispIDs.h">
      <Filter>Header Files</Filter>
    </ClInclude>
    <ClInclude Include="EnumOLEVERB.h">
      <Filter>Header Files</Filter>
    </ClInclude>
    <ClInclude Include="helpers.h">
      <Filter>Header Files</Filter>
    </ClInclude>
    <ClInclude Include="HyperLinkEx.h">
      <Filter>Header Files</Filter>
    </ClInclude>
    <ClInclude Include="ICategorizeProperties.h">
      <Filter>Header Files</Filter>
    </ClInclude>
    <ClInclude Include="ICreditsProvider.h">
      <Filter>Header Files</Filter>
    </ClInclude>
    <ClInclude Include="PropertyNotifySinkImpl.h">
      <Filter>Header Files</Filter>
    </ClInclude>
    <ClInclude Include="stdafx.h">
      <Filter>Header Files</Filter>
    </ClInclude>
    <ClInclude Include="TargetOLEDataObject.h">
      <Filter>Header Files</Filter>
    </ClInclude>
    <ClInclude Include="AnimA.h">
      <Filter>Header Files\Generated Files</Filter>
    </ClInclude>
    <ClInclude Include="AnimU.h">
      <Filter>Header Files\Generated Files</Filter>
    </ClInclude>
    <ClInclude Include="res\resource.h">
      <Filter>Resource Files</Filter>
    </ClInclude>
  </ItemGroup>
  <ItemGroup>
    <ResourceCompile Include="res\Anim.rc">
      <Filter>Resource Files</Filter>
    </ResourceCompile>
  </ItemGroup>
</Project>